{
  "originHash" : "8bd09b9a8b2d3c922a6aa80a19de5cb8261dceff048e45802f35ec4a7495eafe",
  "pins" : [
    {
      "identity" : "gifu",
      "kind" : "remoteSourceControl",
      "location" : "https://github.com/kaishin/Gifu",
      "state" : {
        "revision" : "f19726eaf0dfa4dbce4d3f80293c9d38c2acba53",
        "version" : "4.0.1"
      }
    }
  ],
  "version" : 3
}
